// !$*UTF8*$!
{
	archiveVersion = 1;
	classes = {
	};
	objectVersion = 51;
	objects = {

/* Begin PBXBuildFile section */
		60661DFCFCD2B4499A89D26A /* Pods_a207PassWordAuth.framework in Frameworks */ = {isa = PBXBuildFile; fileRef = 95738249272355780E9BFFD7 /* Pods_a207PassWordAuth.framework */; };
		BA7543F424FA334E003FAD4F /* AppDelegate.swift in Sources */ = {isa = PBXBuildFile; fileRef = BA7543F324FA334E003FAD4F /* AppDelegate.swift */; };
		BA7543F624FA334E003FAD4F /* SceneDelegate.swift in Sources */ = {isa = PBXBuildFile; fileRef = BA7543F524FA334E003FAD4F /* SceneDelegate.swift */; };
		BA7543F824FA334E003FAD4F /* ViewController.swift in Sources */ = {isa = PBXBuildFile; fileRef = BA7543F724FA334E003FAD4F /* ViewController.swift */; };
		BA7543FB24FA334E003FAD4F /* Main.storyboard in Resources */ = {isa = PBXBuildFile; fileRef = BA7543F924FA334E003FAD4F /* Main.storyboard */; };
		BA7543FD24FA3350003FAD4F /* Assets.xcassets in Resources */ = {isa = PBXBuildFile; fileRef = BA7543FC24FA3350003FAD4F /* Assets.xcassets */; };
		BA75440024FA3350003FAD4F /* LaunchScreen.storyboard in Resources */ = {isa = PBXBuildFile; fileRef = BA7543FE24FA3350003FAD4F /* LaunchScreen.storyboard */; };
		BA75440824FA348F003FAD4F /* GoogleService-Info.plist in Resources */ = {isa = PBXBuildFile; fileRef = BA75440724FA348F003FAD4F /* GoogleService-Info.plist */; };
		BA75440A24FA38F8003FAD4F /* Page2ViewController.swift in Sources */ = {isa = PBXBuildFile; fileRef = BA75440924FA38F8003FAD4F /* Page2ViewController.swift */; };
/* End PBXBuildFile section */

/* Begin PBXFileReference section */
		0FF15D6EF3B28B39A91C982A /* Pods-a207PassWordAuth.debug.xcconfig */ = {isa = PBXFileReference; includeInIndex = 1; lastKnownFileType = text.xcconfig; name = "Pods-a207PassWordAuth.debug.xcconfig"; path = "Target Support Files/Pods-a207PassWordAuth/Pods-a207PassWordAuth.debug.xcconfig"; sourceTree = "<group>"; };
		95738249272355780E9BFFD7 /* Pods_a207PassWordAuth.framework */ = {isa = PBXFileReference; explicitFileType = wrapper.framework; includeInIndex = 0; path = Pods_a207PassWordAuth.framework; sourceTree = BUILT_PRODUCTS_DIR; };
		BA7543F024FA334E003FAD4F /* a207PassWordAuth.app */ = {isa = PBXFileReference; explicitFileType = wrapper.application; includeInIndex = 0; path = a207PassWordAuth.app; sourceTree = BUILT_PRODUCTS_DIR; };
		BA7543F324FA334E003FAD4F /* AppDelegate.swift */ = {isa = PBXFileReference; lastKnownFileType = sourcecode.swift; path = AppDelegate.swift; sourceTree = "<group>"; };
		BA7543F524FA334E003FAD4F /* SceneDelegate.swift */ = {isa = PBXFileReference; lastKnownFileType = sourcecode.swift; path = SceneDelegate.swift; sourceTree = "<group>"; };
		BA7543F724FA334E003FAD4F /* ViewController.swift */ = {isa = PBXFileReference; lastKnownFileType = sourcecode.swift; path = ViewController.swift; sourceTree = "<group>"; };
		BA7543FA24FA334E003FAD4F /* Base */ = {isa = PBXFileReference; lastKnownFileType = file.storyboard; name = Base; path = Base.lproj/Main.storyboard; sourceTree = "<group>"; };
		BA7543FC24FA3350003FAD4F /* Assets.xcassets */ = {isa = PBXFileReference; lastKnownFileType = folder.assetcatalog; path = Assets.xcassets; sourceTree = "<group>"; };
		BA7543FF24FA3350003FAD4F /* Base */ = {isa = PBXFileReference; lastKnownFileType = file.storyboard; name = Base; path = Base.lproj/LaunchScreen.storyboard; sourceTree = "<group>"; };
		BA75440124FA3350003FAD4F /* Info.plist */ = {isa = PBXFileReference; lastKnownFileType = text.plist.xml; path = Info.plist; sourceTree = "<group>"; };
		BA75440724FA348F003FAD4F /* GoogleService-Info.plist */ = {isa = PBXFileReference; fileEncoding = 4; lastKnownFileType = text.plist.xml; path = "GoogleService-Info.plist"; sourceTree = "<group>"; };
		BA75440924FA38F8003FAD4F /* Page2ViewController.swift */ = {isa = PBXFileReference; lastKnownFileType = sourcecode.swift; path = Page2ViewController.swift; sourceTree = "<group>"; };
		EE61DB1D358DFDAAA578768F /* Pods-a207PassWordAuth.release.xcconfig */ = {isa = PBXFileReference; includeInIndex = 1; lastKnownFileType = text.xcconfig; name = "Pods-a207PassWordAuth.release.xcconfig"; path = "Target Support Files/Pods-a207PassWordAuth/Pods-a207PassWordAuth.release.xcconfig"; sourceTree = "<group>"; };
/* End PBXFileReference section */

/* Begin PBXFrameworksBuildPhase section */
		BA7543ED24FA334E003FAD4F /* Frameworks */ = {
			isa = PBXFrameworksBuildPhase;
			buildActionMask = 2147483647;
			files = (
				60661DFCFCD2B4499A89D26A /* Pods_a207PassWordAuth.framework in Frameworks */,
			);
			runOnlyForDeploymentPostprocessing = 0;
		};
/* End PBXFrameworksBuildPhase section */

/* Begin PBXGroup section */
		1D2BBBEA296BA84A4F651C5F /* Frameworks */ = {
			isa = PBXGroup;
			children = (
				95738249272355780E9BFFD7 /* Pods_a207PassWordAuth.framework */,
			);
			name = Frameworks;
			sourceTree = "<group>";
		};
		525940964F0D36501398E035 /* Pods */ = {
			isa = PBXGroup;
			children = (
				0FF15D6EF3B28B39A91C982A /* Pods-a207PassWordAuth.debug.xcconfig */,
				EE61DB1D358DFDAAA578768F /* Pods-a207PassWordAuth.release.xcconfig */,
			);
			path = Pods;
			sourceTree = "<group>";
		};
		BA7543E724FA334E003FAD4F = {
			isa = PBXGroup;
			children = (
				BA7543F224FA334E003FAD4F /* a207PassWordAuth */,
				BA7543F124FA334E003FAD4F /* Products */,
				525940964F0D36501398E035 /* Pods */,
				1D2BBBEA296BA84A4F651C5F /* Frameworks */,
			);
			sourceTree = "<group>";
		};
		BA7543F124FA334E003FAD4F /* Products */ = {
			isa = PBXGroup;
			children = (
				BA7543F024FA334E003FAD4F /* a207PassWordAuth.app */,
			);
			name = Products;
			sourceTree = "<group>";
		};
		BA7543F224FA334E003FAD4F /* a207PassWordAuth */ = {
			isa = PBXGroup;
			children = (
				BA75440724FA348F003FAD4F /* GoogleService-Info.plist */,
				BA7543F324FA334E003FAD4F /* AppDelegate.swift */,
				BA7543F524FA334E003FAD4F /* SceneDelegate.swift */,
				BA7543F724FA334E003FAD4F /* ViewController.swift */,
				BA7543F924FA334E003FAD4F /* Main.storyboard */,
				BA7543FC24FA3350003FAD4F /* Assets.xcassets */,
				BA7543FE24FA3350003FAD4F /* LaunchScreen.storyboard */,
				BA75440124FA3350003FAD4F /* Info.plist */,
				BA75440924FA38F8003FAD4F /* Page2ViewController.swift */,
			);
			path = a207PassWordAuth;
			sourceTree = "<group>";
		};
/* End PBXGroup section */

/* Begin PBXNativeTarget section */
		BA7543EF24FA334E003FAD4F /* a207PassWordAuth */ = {
			isa = PBXNativeTarget;
			buildConfigurationList = BA75440424FA3350003FAD4F /* Build configuration list for PBXNativeTarget "a207PassWordAuth" */;
			buildPhases = (
				9A40C642D27F338FA40EC816 /* [CP] Check Pods Manifest.lock */,
				BA7543EC24FA334E003FAD4F /* Sources */,
				BA7543ED24FA334E003FAD4F /* Frameworks */,
				BA7543EE24FA334E003FAD4F /* Resources */,
				FAD676624E0D253D579094FD /* [CP] Embed Pods Frameworks */,
			);
			buildRules = (
			);
			dependencies = (
			);
			name = a207PassWordAuth;
			productName = a207PassWordAuth;
			productReference = BA7543F024FA334E003FAD4F /* a207PassWordAuth.app */;
			productType = "com.apple.product-type.application";
		};
/* End PBXNativeTarget section */

/* Begin PBXProject section */
		BA7543E824FA334E003FAD4F /* Project object */ = {
			isa = PBXProject;
			attributes = {
				LastSwiftUpdateCheck = 1160;
				LastUpgradeCheck = 1160;
				ORGANIZATIONNAME = "申潤五";
				TargetAttributes = {
					BA7543EF24FA334E003FAD4F = {
						CreatedOnToolsVersion = 11.6;
					};
				};
			};
			buildConfigurationList = BA7543EB24FA334E003FAD4F /* Build configuration list for PBXProject "a207PassWordAuth" */;
			compatibilityVersion = "Xcode 9.3";
			developmentRegion = en;
			hasScannedForEncodings = 0;
			knownRegions = (
				en,
				Base,
			);
			mainGroup = BA7543E724FA334E003FAD4F;
			productRefGroup = BA7543F124FA334E003FAD4F /* Products */;
			projectDirPath = "";
			projectRoot = "";
			targets = (
				BA7543EF24FA334E003FAD4F /* a207PassWordAuth */,
			);
		};
/* End PBXProject section */

/* Begin PBXResourcesBuildPhase section */
		BA7543EE24FA334E003FAD4F /* Resources */ = {
			isa = PBXResourcesBuildPhase;
			buildActionMask = 2147483647;
			files = (
				BA75440024FA3350003FAD4F /* LaunchScreen.storyboard in Resources */,
				BA75440824FA348F003FAD4F /* GoogleService-Info.plist in Resources */,
				BA7543FD24FA3350003FAD4F /* Assets.xcassets in Resources */,
				BA7543FB24FA334E003FAD4F /* Main.storyboard in Resources */,
			);
			runOnlyForDeploymentPostprocessing = 0;
		};
/* End PBXResourcesBuildPhase section */

/* Begin PBXShellScriptBuildPhase section */
		9A40C642D27F338FA40EC816 /* [CP] Check Pods Manifest.lock */ = {
			isa = PBXShellScriptBuildPhase;
			buildActionMask = 2147483647;
			files = (
			);
			inputFileListPaths = (
			);
			inputPaths = (
				"${PODS_PODFILE_DIR_PATH}/Podfile.lock",
				"${PODS_ROOT}/Manifest.lock",
			);
			name = "[CP] Check Pods Manifest.lock";
			outputFileListPaths = (
			);
			outputPaths = (
				"$(DERIVED_FILE_DIR)/Pods-a207PassWordAuth-checkManifestLockResult.txt",
			);
			runOnlyForDeploymentPostprocessing = 0;
			shellPath = /bin/sh;
			shellScript = "diff \"${PODS_PODFILE_DIR_PATH}/Podfile.lock\" \"${PODS_ROOT}/Manifest.lock\" > /dev/null\nif [ $? != 0 ] ; then\n    # print error to STDERR\n    echo \"error: The sandbox is not in sync with the Podfile.lock. Run 'pod install' or update your CocoaPods installation.\" >&2\n    exit 1\nfi\n# This output is used by Xcode 'outputs' to avoid re-running this script phase.\necho \"SUCCESS\" > \"${SCRIPT_OUTPUT_FILE_0}\"\n";
			showEnvVarsInLog = 0;
		};
		FAD676624E0D253D579094FD /* [CP] Embed Pods Frameworks */ = {
			isa = PBXShellScriptBuildPhase;
			buildActionMask = 2147483647;
			files = (
			);
			inputFileListPaths = (
				"${PODS_ROOT}/Target Support Files/Pods-a207PassWordAuth/Pods-a207PassWordAuth-frameworks-${CONFIGURATION}-input-files.xcfilelist",
			);
			name = "[CP] Embed Pods Frameworks";
			outputFileListPaths = (
				"${PODS_ROOT}/Target Support Files/Pods-a207PassWordAuth/Pods-a207PassWordAuth-frameworks-${CONFIGURATION}-output-files.xcfilelist",
			);
			runOnlyForDeploymentPostprocessing = 0;
			shellPath = /bin/sh;
			shellScript = "\"${PODS_ROOT}/Target Support Files/Pods-a207PassWordAuth/Pods-a207PassWordAuth-frameworks.sh\"\n";
			showEnvVarsInLog = 0;
		};
/* End PBXShellScriptBuildPhase section */

/* Begin PBXSourcesBuildPhase section */
		BA7543EC24FA334E003FAD4F /* Sources */ = {
			isa = PBXSourcesBuildPhase;
			buildActionMask = 2147483647;
			files = (
				BA7543F824FA334E003FAD4F /* ViewController.swift in Sources */,
				BA7543F424FA334E003FAD4F /* AppDelegate.swift in Sources */,
				BA75440A24FA38F8003FAD4F /* Page2ViewController.swift in Sources */,
				BA7543F624FA334E003FAD4F /* SceneDelegate.swift in Sources */,
			);
			runOnlyForDeploymentPostprocessing = 0;
		};
/* End PBXSourcesBuildPhase section */

/* Begin PBXVariantGroup section */
		BA7543F924FA334E003FAD4F /* Main.storyboard */ = {
			isa = PBXVariantGroup;
			children = (
				BA7543FA24FA334E003FAD4F /* Base */,
			);
			name = Main.storyboard;
			sourceTree = "<group>";
		};
		BA7543FE24FA3350003FAD4F /* LaunchScreen.storyboard */ = {
			isa = PBXVariantGroup;
			children = (
				BA7543FF24FA3350003FAD4F /* Base */,
			);
			name = LaunchScreen.storyboard;
			sourceTree = "<group>";
		};
/* End PBXVariantGroup section */

/* Begin XCBuildConfiguration section */
		BA75440224FA3350003FAD4F /* Debug */ = {
			isa = XCBuildConfiguration;
			buildSettings = {
				ALWAYS_SEARCH_USER_PATHS = NO;
				CLANG_ANALYZER_NONNULL = YES;
				CLANG_ANALYZER_NUMBER_OBJECT_CONVERSION = YES_AGGRESSIVE;
				CLANG_CXX_LANGUAGE_STANDARD = "gnu++14";
				CLANG_CXX_LIBRARY = "libc++";
				CLANG_ENABLE_MODULES = YES;
				CLANG_ENABLE_OBJC_ARC = YES;
				CLANG_ENABLE_OBJC_WEAK = YES;
				CLANG_WARN_BLOCK_CAPTURE_AUTORELEASING = YES;
				CLANG_WARN_BOOL_CONVERSION = YES;
				CLANG_WARN_COMMA = YES;
				CLANG_WARN_CONSTANT_CONVERSION = YES;
				CLANG_WARN_DEPRECATED_OBJC_IMPLEMENTATIONS = YES;
				CLANG_WARN_DIRECT_OBJC_ISA_USAGE = YES_ERROR;
				CLANG_WARN_DOCUMENTATION_COMMENTS = YES;
				CLANG_WARN_EMPTY_BODY = YES;
				CLANG_WARN_ENUM_CONVERSION = YES;
				CLANG_WARN_INFINITE_RECURSION = YES;
				CLANG_WARN_INT_CONVERSION = YES;
				CLANG_WARN_NON_LITERAL_NULL_CONVERSION = YES;
				CLANG_WARN_OBJC_IMPLICIT_RETAIN_SELF = YES;
				CLANG_WARN_OBJC_LITERAL_CONVERSION = YES;
				CLANG_WARN_OBJC_ROOT_CLASS = YES_ERROR;
				CLANG_WARN_RANGE_LOOP_ANALYSIS = YES;
				CLANG_WARN_STRICT_PROTOTYPES = YES;
				CLANG_WARN_SUSPICIOUS_MOVE = YES;
				CLANG_WARN_UNGUARDED_AVAILABILITY = YES_AGGRESSIVE;
				CLANG_WARN_UNREACHABLE_CODE = YES;
				CLANG_WARN__DUPLICATE_METHOD_MATCH = YES;
				COPY_PHASE_STRIP = NO;
				DEBUG_INFORMATION_FORMAT = dwarf;
				ENABLE_STRICT_OBJC_MSGSEND = YES;
				ENABLE_TESTABILITY = YES;
				GCC_C_LANGUAGE_STANDARD = gnu11;
				GCC_DYNAMIC_NO_PIC = NO;
				GCC_NO_COMMON_BLOCKS = YES;
				GCC_OPTIMIZATION_LEVEL = 0;
				GCC_PREPROCESSOR_DEFINITIONS = (
					"DEBUG=1",
					"$(inherited)",
				);
				GCC_WARN_64_TO_32_BIT_CONVERSION = YES;
				GCC_WARN_ABOUT_RETURN_TYPE = YES_ERROR;
				GCC_WARN_UNDECLARED_SELECTOR = YES;
				GCC_WARN_UNINITIALIZED_AUTOS = YES_AGGRESSIVE;
				GCC_WARN_UNUSED_FUNCTION = YES;
				GCC_WARN_UNUSED_VARIABLE = YES;
				IPHONEOS_DEPLOYMENT_TARGET = 13.6;
				MTL_ENABLE_DEBUG_INFO = INCLUDE_SOURCE;
				MTL_FAST_MATH = YES;
				ONLY_ACTIVE_ARCH = YES;
				SDKROOT = iphoneos;
				SWIFT_ACTIVE_COMPILATION_CONDITIONS = DEBUG;
				SWIFT_OPTIMIZATION_LEVEL = "-Onone";
			};
			name = Debug;
		};
		BA75440324FA3350003FAD4F /* Release */ = {
			isa = XCBuildConfiguration;
			buildSettings = {
				ALWAYS_SEARCH_USER_PATHS = NO;
				CLANG_ANALYZER_NONNULL = YES;
				CLANG_ANALYZER_NUMBER_OBJECT_CONVERSION = YES_AGGRESSIVE;
				CLANG_CXX_LANGUAGE_STANDARD = "gnu++14";
				CLANG_CXX_LIBRARY = "libc++";
				CLANG_ENABLE_MODULES = YES;
				CLANG_ENABLE_OBJC_ARC = YES;
				CLANG_ENABLE_OBJC_WEAK = YES;
				CLANG_WARN_BLOCK_CAPTURE_AUTORELEASING = YES;
				CLANG_WARN_BOOL_CONVERSION = YES;
				CLANG_WARN_COMMA = YES;
				CLANG_WARN_CONSTANT_CONVERSION = YES;
				CLANG_WARN_DEPRECATED_OBJC_IMPLEMENTATIONS = YES;
				CLANG_WARN_DIRECT_OBJC_ISA_USAGE = YES_ERROR;
				CLANG_WARN_DOCUMENTATION_COMMENTS = YES;
				CLANG_WARN_EMPTY_BODY = YES;
				CLANG_WARN_ENUM_CONVERSION = YES;
				CLANG_WARN_INFINITE_RECURSION = YES;
				CLANG_WARN_INT_CONVERSION = YES;
				CLANG_WARN_NON_LITERAL_NULL_CONVERSION = YES;
				CLANG_WARN_OBJC_IMPLICIT_RETAIN_SELF = YES;
				CLANG_WARN_OBJC_LITERAL_CONVERSION = YES;
				CLANG_WARN_OBJC_ROOT_CLASS = YES_ERROR;
				CLANG_WARN_RANGE_LOOP_ANALYSIS = YES;
				CLANG_WARN_STRICT_PROTOTYPES = YES;
				CLANG_WARN_SUSPICIOUS_MOVE = YES;
				CLANG_WARN_UNGUARDED_AVAILABILITY = YES_AGGRESSIVE;
				CLANG_WARN_UNREACHABLE_CODE = YES;
				CLANG_WARN__DUPLICATE_METHOD_MATCH = YES;
				COPY_PHASE_STRIP = NO;
				DEBUG_INFORMATION_FORMAT = "dwarf-with-dsym";
				ENABLE_NS_ASSERTIONS = NO;
				ENABLE_STRICT_OBJC_MSGSEND = YES;
				GCC_C_LANGUAGE_STANDARD = gnu11;
				GCC_NO_COMMON_BLOCKS = YES;
				GCC_WARN_64_TO_32_BIT_CONVERSION = YES;
				GCC_WARN_ABOUT_RETURN_TYPE = YES_ERROR;
				GCC_WARN_UNDECLARED_SELECTOR = YES;
				GCC_WARN_UNINITIALIZED_AUTOS = YES_AGGRESSIVE;
				GCC_WARN_UNUSED_FUNCTION = YES;
				GCC_WARN_UNUSED_VARIABLE = YES;
				IPHONEOS_DEPLOYMENT_TARGET = 13.6;
				MTL_ENABLE_DEBUG_INFO = NO;
				MTL_FAST_MATH = YES;
				SDKROOT = iphoneos;
				SWIFT_COMPILATION_MODE = wholemodule;
				SWIFT_OPTIMIZATION_LEVEL = "-O";
				VALIDATE_PRODUCT = YES;
			};
			name = Release;
		};
		BA75440524FA3350003FAD4F /* Debug */ = {
			isa = XCBuildConfiguration;
			baseConfigurationReference = 0FF15D6EF3B28B39A91C982A /* Pods-a207PassWordAuth.debug.xcconfig */;
			buildSettings = {
				ASSETCATALOG_COMPILER_APPICON_NAME = AppIcon;
				CODE_SIGN_STYLE = Automatic;
				DEVELOPMENT_TEAM = XSVW22JPST;
				INFOPLIST_FILE = a207PassWordAuth/Info.plist;
				LD_RUNPATH_SEARCH_PATHS = (
					"$(inherited)",
					"@executable_path/Frameworks",
				);
				PRODUCT_BUNDLE_IDENTIFIER = idev.sjw.a207PassWordAuth;
				PRODUCT_NAME = "$(TARGET_NAME)";
				SWIFT_VERSION = 5.0;
				TARGETED_DEVICE_FAMILY = "1,2";
			};
			name = Debug;
		};
		BA75440624FA3350003FAD4F /* Release */ = {
			isa = XCBuildConfiguration;
			baseConfigurationReference = EE61DB1D358DFDAAA578768F /* Pods-a207PassWordAuth.release.xcconfig */;
			buildSettings = {
				ASSETCATALOG_COMPILER_APPICON_NAME = AppIcon;
				CODE_SIGN_STYLE = Automatic;
				DEVELOPMENT_TEAM = XSVW22JPST;
				INFOPLIST_FILE = a207PassWordAuth/Info.plist;
				LD_RUNPATH_SEARCH_PATHS = (
					"$(inherited)",
					"@executable_path/Frameworks",
				);
				PRODUCT_BUNDLE_IDENTIFIER = idev.sjw.a207PassWordAuth;
				PRODUCT_NAME = "$(TARGET_NAME)";
				SWIFT_VERSION = 5.0;
				TARGETED_DEVICE_FAMILY = "1,2";
			};
			name = Release;
		};
/* End XCBuildConfiguration section */

/* Begin XCConfigurationList section */
		BA7543EB24FA334E003FAD4F /* Build configuration list for PBXProject "a207PassWordAuth" */ = {
			isa = XCConfigurationList;
			buildConfigurations = (
				BA75440224FA3350003FAD4F /* Debug */,
				BA75440324FA3350003FAD4F /* Release */,
			);
			defaultConfigurationIsVisible = 0;
			defaultConfigurationName = Release;
		};
		BA75440424FA3350003FAD4F /* Build configuration list for PBXNativeTarget "a207PassWordAuth" */ = {
			isa = XCConfigurationList;
			buildConfigurations = (
				BA75440524FA3350003FAD4F /* Debug */,
				BA75440624FA3350003FAD4F /* Release */,
			);
			defaultConfigurationIsVisible = 0;
			defaultConfigurationName = Release;
		};
/* End XCConfigurationList section */
	};
	rootObject = BA7543E824FA334E003FAD4F /* Project object */;
}
